github.com/orochaa/go-clack v0.1.18 h1:9IdKioyDh5KUMG+BJ2srLjc9RZahc0cZwsDJ+86CQd0=
github.com/orochaa/go-clack v0.1.18/go.mod h1:y0ZGWz5eVpnLAK6Xni4BVq/VFqbRPe95Aik2RRBs850=
golang.org/x/sys v0.29.0 h1:TPYlXGxvx1MGTn2GiZDhnjPA9wZzZeGKHHmKhHYvgaU=
golang.org/x/sys v0.29.0/go.mod h1:/VUhepiaJMQUp4+oa/7Zr1D23ma6VTLIYjOOTFZPUcA=
golang.org/x/term v0.28.0 h1:/Ts8HFuMR2E6IP/jlo7QVLZHggjKQbhu/7H0LJFr3Gg=
golang.org/x/term v0.28.0/go.mod h1:Sw/lC2IAUZ92udQNf3WodGtn4k/XoLyZoh8v/8uiwek=
